
Microsoft Visual Studio Solution File, Format Version 12.00
# Visual Studio Version 17
VisualStudioVersion = 17.10.35004.147
MinimumVisualStudioVersion = 10.0.40219.1
Project("{F184B08F-C81C-45F6-A57F-5ABD9991F28F}") = "FormSubmissionApp", "FormSubmissionApp\FormSubmissionApp.vbproj", "{2D01D023-CEA2-44EB-99FC-61B57AD73B69}"
EndProject
Global
	GlobalSection(SolutionConfigurationPlatforms) = preSolution
		Debug|Any CPU = Debug|Any CPU
		Release|Any CPU = Release|Any CPU
	EndGlobalSection
	GlobalSection(ProjectConfigurationPlatforms) = postSolution
		{2D01D023-CEA2-44EB-99FC-61B57AD73B69}.Debug|Any CPU.ActiveCfg = Debug|Any CPU
		{2D01D023-CEA2-44EB-99FC-61B57AD73B69}.Debug|Any CPU.Build.0 = Debug|Any CPU
		{2D01D023-CEA2-44EB-99FC-61B57AD73B69}.Release|Any CPU.ActiveCfg = Release|Any CPU
		{2D01D023-CEA2-44EB-99FC-61B57AD73B69}.Release|Any CPU.Build.0 = Release|Any CPU
	EndGlobalSection
	GlobalSection(SolutionProperties) = preSolution
		HideSolutionNode = FALSE
	EndGlobalSection
	GlobalSection(ExtensibilityGlobals) = postSolution
		SolutionGuid = {2B0BBB62-2F25-413E-BC9E-D6C70BB090E1}
	EndGlobalSection
EndGlobal
